Microsoft Visual Studio Solution File, Format Version 12.00
# Visual Studio Version 17
VisualStudioVersion = 17.13.35919.96
MinimumVisualStudioVersion = 10.0.40219.1
Project("{FAE04EC0-301F-11D3-BF4B-00C04F79EFBC}") = "NewBeeUI", "nbui\NewBeeUI\NewBeeUI.csproj", "{79948D0C-6D47-D768-8A89-C2B9E8CDC79B}"
EndProject
Project("{2150E333-8FDC-42A3-9474-1A3956D46DE8}") = "demo", "demo", "{02EA681E-C7D8-13C7-8484-4AC65E1B71E8}"
EndProject
Project("{FAE04EC0-301F-11D3-BF4B-00C04F79EFBC}") = "NStyles", "nstyles\source\NStyles\NStyles.csproj", "{882C00BF-28FF-50BB-C3CC-F6015C9ACE2D}"
EndProject
Project("{FAE04EC0-301F-11D3-BF4B-00C04F79EFBC}") = "NStyles.MeterialIcons", "nstyles\source\NStyles.MeterialIcons\NStyles.MeterialIcons.csproj", "{0D708BB9-3035-3340-16BF-13C695156D0B}"
EndProject
Project("{2150E333-8FDC-42A3-9474-1A3956D46DE8}") = "core", "core", "{A5728991-7BEC-405E-A2DF-09BB6A74B5C8}"
EndProject
Project("{FAE04EC0-301F-11D3-BF4B-00C04F79EFBC}") = "NewBeeUI.Demo", "demo\NewBeeUI.Demo\NewBeeUI.Demo.csproj", "{005D375B-0876-12AA-AA57-732CEB1FE59B}"
EndProject
Project("{FAE04EC0-301F-11D3-BF4B-00C04F79EFBC}") = "NewBeeUI.Demo.Desktop", "demo\NewBeeUI.Demo.Desktop\NewBeeUI.Demo.Desktop.csproj", "{EB3B7B5B-9D8A-6656-4F81-BC694311A3E9}"
EndProject
Project("{FAE04EC0-301F-11D3-BF4B-00C04F79EFBC}") = "NewBeeUI.Demo.Android", "demo\NewBeeUI.Demo.Android\NewBeeUI.Demo.Android.csproj", "{4E0A55F3-6151-26A0-2BC5-FFCC318805E6}"
EndProject
Project("{FAE04EC0-301F-11D3-BF4B-00C04F79EFBC}") = "NewBeeUI.Demo.iOS", "demo\NewBeeUI.Demo.iOS\NewBeeUI.Demo.iOS.csproj", "{D0F1F0FE-E718-4BC8-494F-3D53EEEF9387}"
EndProject
Project("{FAE04EC0-301F-11D3-BF4B-00C04F79EFBC}") = "NewBeeUI.Demo.Browser", "demo\NewBeeUI.Demo.Browser\NewBeeUI.Demo.Browser.csproj", "{36ED72AD-ECAA-9C37-7712-47D7F2984256}"
EndProject
Global
	GlobalSection(SolutionConfigurationPlatforms) = preSolution
		Debug|Any CPU = Debug|Any CPU
		Release|Any CPU = Release|Any CPU
	EndGlobalSection
	GlobalSection(ProjectConfigurationPlatforms) = postSolution
		{79948D0C-6D47-D768-8A89-C2B9E8CDC79B}.Debug|Any CPU.ActiveCfg = Debug|Any CPU
		{79948D0C-6D47-D768-8A89-C2B9E8CDC79B}.Debug|Any CPU.Build.0 = Debug|Any CPU
		{79948D0C-6D47-D768-8A89-C2B9E8CDC79B}.Release|Any CPU.ActiveCfg = Release|Any CPU
		{79948D0C-6D47-D768-8A89-C2B9E8CDC79B}.Release|Any CPU.Build.0 = Release|Any CPU
		{882C00BF-28FF-50BB-C3CC-F6015C9ACE2D}.Debug|Any CPU.ActiveCfg = Debug|Any CPU
		{882C00BF-28FF-50BB-C3CC-F6015C9ACE2D}.Debug|Any CPU.Build.0 = Debug|Any CPU
		{882C00BF-28FF-50BB-C3CC-F6015C9ACE2D}.Release|Any CPU.ActiveCfg = Release|Any CPU
		{882C00BF-28FF-50BB-C3CC-F6015C9ACE2D}.Release|Any CPU.Build.0 = Release|Any CPU
		{0D708BB9-3035-3340-16BF-13C695156D0B}.Debug|Any CPU.ActiveCfg = Debug|Any CPU
		{0D708BB9-3035-3340-16BF-13C695156D0B}.Debug|Any CPU.Build.0 = Debug|Any CPU
		{0D708BB9-3035-3340-16BF-13C695156D0B}.Release|Any CPU.ActiveCfg = Release|Any CPU
		{0D708BB9-3035-3340-16BF-13C695156D0B}.Release|Any CPU.Build.0 = Release|Any CPU
		{005D375B-0876-12AA-AA57-732CEB1FE59B}.Debug|Any CPU.ActiveCfg = Debug|Any CPU
		{005D375B-0876-12AA-AA57-732CEB1FE59B}.Debug|Any CPU.Build.0 = Debug|Any CPU
		{005D375B-0876-12AA-AA57-732CEB1FE59B}.Release|Any CPU.ActiveCfg = Release|Any CPU
		{005D375B-0876-12AA-AA57-732CEB1FE59B}.Release|Any CPU.Build.0 = Release|Any CPU
		{EB3B7B5B-9D8A-6656-4F81-BC694311A3E9}.Debug|Any CPU.ActiveCfg = Debug|Any CPU
		{EB3B7B5B-9D8A-6656-4F81-BC694311A3E9}.Debug|Any CPU.Build.0 = Debug|Any CPU
		{EB3B7B5B-9D8A-6656-4F81-BC694311A3E9}.Release|Any CPU.ActiveCfg = Release|Any CPU
		{EB3B7B5B-9D8A-6656-4F81-BC694311A3E9}.Release|Any CPU.Build.0 = Release|Any CPU
		{4E0A55F3-6151-26A0-2BC5-FFCC318805E6}.Debug|Any CPU.ActiveCfg = Debug|Any CPU
		{4E0A55F3-6151-26A0-2BC5-FFCC318805E6}.Debug|Any CPU.Build.0 = Debug|Any CPU
		{4E0A55F3-6151-26A0-2BC5-FFCC318805E6}.Debug|Any CPU.Deploy.0 = Debug|Any CPU
		{4E0A55F3-6151-26A0-2BC5-FFCC318805E6}.Release|Any CPU.ActiveCfg = Release|Any CPU
		{4E0A55F3-6151-26A0-2BC5-FFCC318805E6}.Release|Any CPU.Build.0 = Release|Any CPU
		{4E0A55F3-6151-26A0-2BC5-FFCC318805E6}.Release|Any CPU.Deploy.0 = Release|Any CPU
		{D0F1F0FE-E718-4BC8-494F-3D53EEEF9387}.Debug|Any CPU.ActiveCfg = Debug|Any CPU
		{D0F1F0FE-E718-4BC8-494F-3D53EEEF9387}.Debug|Any CPU.Build.0 = Debug|Any CPU
		{D0F1F0FE-E718-4BC8-494F-3D53EEEF9387}.Debug|Any CPU.Deploy.0 = Debug|Any CPU
		{D0F1F0FE-E718-4BC8-494F-3D53EEEF9387}.Release|Any CPU.ActiveCfg = Release|Any CPU
		{D0F1F0FE-E718-4BC8-494F-3D53EEEF9387}.Release|Any CPU.Build.0 = Release|Any CPU
		{D0F1F0FE-E718-4BC8-494F-3D53EEEF9387}.Release|Any CPU.Deploy.0 = Release|Any CPU
		{36ED72AD-ECAA-9C37-7712-47D7F2984256}.Debug|Any CPU.ActiveCfg = Debug|Any CPU
		{36ED72AD-ECAA-9C37-7712-47D7F2984256}.Debug|Any CPU.Build.0 = Debug|Any CPU
		{36ED72AD-ECAA-9C37-7712-47D7F2984256}.Release|Any CPU.ActiveCfg = Release|Any CPU
		{36ED72AD-ECAA-9C37-7712-47D7F2984256}.Release|Any CPU.Build.0 = Release|Any CPU
	EndGlobalSection
	GlobalSection(SolutionProperties) = preSolution
		HideSolutionNode = FALSE
	EndGlobalSection
	GlobalSection(NestedProjects) = preSolution
		{79948D0C-6D47-D768-8A89-C2B9E8CDC79B} = {A5728991-7BEC-405E-A2DF-09BB6A74B5C8}
		{882C00BF-28FF-50BB-C3CC-F6015C9ACE2D} = {A5728991-7BEC-405E-A2DF-09BB6A74B5C8}
		{0D708BB9-3035-3340-16BF-13C695156D0B} = {A5728991-7BEC-405E-A2DF-09BB6A74B5C8}
		{005D375B-0876-12AA-AA57-732CEB1FE59B} = {02EA681E-C7D8-13C7-8484-4AC65E1B71E8}
		{EB3B7B5B-9D8A-6656-4F81-BC694311A3E9} = {02EA681E-C7D8-13C7-8484-4AC65E1B71E8}
		{4E0A55F3-6151-26A0-2BC5-FFCC318805E6} = {02EA681E-C7D8-13C7-8484-4AC65E1B71E8}
		{D0F1F0FE-E718-4BC8-494F-3D53EEEF9387} = {02EA681E-C7D8-13C7-8484-4AC65E1B71E8}
		{36ED72AD-ECAA-9C37-7712-47D7F2984256} = {02EA681E-C7D8-13C7-8484-4AC65E1B71E8}
	EndGlobalSection
	GlobalSection(ExtensibilityGlobals) = postSolution
		SolutionGuid = {28D0AC60-CC01-413F-B473-EB920E6F6426}
	EndGlobalSection
EndGlobal
