<Solution>
  <Folder Name="/core/">
    <Project Path="nbui\NewBeeUI.iOS\NewBeeUI.iOS.csproj" />
    <Project Path="nbui\NewBeeUI.Platforms\NewBeeUI.Platforms.csproj" />
    <Project Path="nbui\NewBeeUI\NewBeeUI.csproj" />
    <Project Path="nstyles\source\NStyles.MeterialIcons\NStyles.MeterialIcons.csproj" />
    <Project Path="nstyles\source\NStyles\NStyles.csproj" />
  </Folder>
  <Folder Name="/demo/">
    <Project Path="demo\NewBeeUI.Demo.Android\NewBeeUI.Demo.Android.csproj" />
    <Project Path="demo\NewBeeUI.Demo.Browser\NewBeeUI.Demo.Browser.csproj" />
    <Project Path="demo\NewBeeUI.Demo.DesktopAppSimulator\NewBeeUI.Demo.DesktopAppSimulator.csproj" />
    <Project Path="demo\NewBeeUI.Demo.Desktop\NewBeeUI.Demo.Desktop.csproj" />
    <Project Path="demo\NewBeeUI.Demo.iOS\NewBeeUI.Demo.iOS.csproj" />
    <Project Path="demo\NewBeeUI.Demo\NewBeeUI.Demo.csproj" />
  </Folder>
  <Folder Name="/tools/">
    <Project Path="tools\NewBeeUI.Tools.ConsoleApp\NewBeeUI.Tools.ConsoleApp.csproj" />
  </Folder>
  <Folder Name="/_Solution Items/">
    <File Path="nbui\Directory.Build.props" />
  </Folder>
</Solution>